PODS:
  - Alamofire (5.2.1)
  - FeedKit (9.1.2)
  - Realm (5.0.3):
    - Realm/Headers (= 5.0.3)
  - Realm/Headers (5.0.3)
  - RealmSwift (5.0.3):
    - Realm (= 5.0.3)
  - SDWebImage (5.8.1):
    - SDWebImage/Core (= 5.8.1)
  - SDWebImage/Core (5.8.1)
  - UIImageColors (2.1.0)

DEPENDENCIES:
  - Alamofire (~> 5.2)
  - FeedKit (~> 9.1)
  - RealmSwift
  - SDWebImage (~> 5.0)
  - UIImageColors

SPEC REPOS:
  trunk:
    - Alamofire
    - FeedKit
    - Realm
    - RealmSwift
    - SDWebImage
    - UIImageColors

SPEC CHECKSUMS:
  Alamofire: e911732990610fe89af59ac0077f923d72dc3dfd
  FeedKit: 71653273ab08e618cd6fd1301ca08fc02dca6a9e
  Realm: bfca1699b61b0b17c3a69ae0e648314eae91fbdb
  RealmSwift: 493c9f089cd3893b3959007973c0e4f640906ba0
  SDWebImage: e3eae2eda88578db0685a0c88597fdadd9433f05
  UIImageColors: d2ef3b0877d203cbb06489eeb78ea8b7788caabe

PODFILE CHECKSUM: 01310099ab4323b67212b674d5221e9c1fa8e260

COCOAPODS: 1.9.3
